<?xml version="1.0" encoding="utf-8"?>
<Project ToolsVersion="4.0" xmlns="http://schemas.microsoft.com/developer/msbuild/2003">
  <ItemGroup>
    <Filter Include="소스 파일">
      <UniqueIdentifier>{4FC737F1-C7A5-4376-A066-2A32D752A2FF}</UniqueIdentifier>
      <Extensions>cpp;c;cc;cxx;c++;cppm;ixx;def;odl;idl;hpj;bat;asm;asmx</Extensions>
    </Filter>
    <Filter Include="헤더 파일">
      <UniqueIdentifier>{93995380-89BD-4b04-88EB-625FBE52EBFB}</UniqueIdentifier>
      <Extensions>h;hh;hpp;hxx;h++;hm;inl;inc;ipp;xsd</Extensions>
    </Filter>
    <Filter Include="리소스 파일">
      <UniqueIdentifier>{67DA6AB6-F800-4c08-8B7A-83BB121AAD01}</UniqueIdentifier>
      <Extensions>rc;ico;cur;bmp;dlg;rc2;rct;bin;rgs;gif;jpg;jpeg;jpe;resx;tiff;tif;png;wav;mfcribbon-ms</Extensions>
    </Filter>
  </ItemGroup>
  <ItemGroup>
    <ClCompile Include="src\main.cpp">
      <Filter>소스 파일</Filter>
    </ClCompile>
    <ClCompile Include="src\Game.cpp">
      <Filter>소스 파일</Filter>
    </ClCompile>
    <ClCompile Include="src\TextureManager.cpp">
      <Filter>소스 파일</Filter>
    </ClCompile>
    <ClCompile Include="src\GameObject.cpp">
      <Filter>소스 파일</Filter>
    </ClCompile>
    <ClCompile Include="src\Player.cpp">
      <Filter>소스 파일</Filter>
    </ClCompile>
    <ClCompile Include="src\SDLGameObject.cpp">
      <Filter>소스 파일</Filter>
    </ClCompile>
    <ClCompile Include="src\Enemy.cpp">
      <Filter>소스 파일</Filter>
    </ClCompile>
    <ClCompile Include="src\Vector2D.cpp">
      <Filter>소스 파일</Filter>
    </ClCompile>
    <ClCompile Include="src\InputHandler.cpp">
      <Filter>소스 파일</Filter>
    </ClCompile>
  </ItemGroup>
  <ItemGroup>
    <ClInclude Include="include\main.h">
      <Filter>헤더 파일</Filter>
    </ClInclude>
    <ClInclude Include="include\Game.h">
      <Filter>헤더 파일</Filter>
    </ClInclude>
    <ClInclude Include="3rdParty\SDL\include\SDL2\begin_code.h">
      <Filter>헤더 파일</Filter>
    </ClInclude>
    <ClInclude Include="3rdParty\SDL\include\SDL2\close_code.h">
      <Filter>헤더 파일</Filter>
    </ClInclude>
    <ClInclude Include="3rdParty\SDL\include\SDL2\SDL.h">
      <Filter>헤더 파일</Filter>
    </ClInclude>
    <ClInclude Include="3rdParty\SDL\include\SDL2\SDL_assert.h">
      <Filter>헤더 파일</Filter>
    </ClInclude>
    <ClInclude Include="3rdParty\SDL\include\SDL2\SDL_atomic.h">
      <Filter>헤더 파일</Filter>
    </ClInclude>
    <ClInclude Include="3rdParty\SDL\include\SDL2\SDL_audio.h">
      <Filter>헤더 파일</Filter>
    </ClInclude>
    <ClInclude Include="3rdParty\SDL\include\SDL2\SDL_bits.h">
      <Filter>헤더 파일</Filter>
    </ClInclude>
    <ClInclude Include="3rdParty\SDL\include\SDL2\SDL_blendmode.h">
      <Filter>헤더 파일</Filter>
    </ClInclude>
    <ClInclude Include="3rdParty\SDL\include\SDL2\SDL_clipboard.h">
      <Filter>헤더 파일</Filter>
    </ClInclude>
    <ClInclude Include="3rdParty\SDL\include\SDL2\SDL_config.h">
      <Filter>헤더 파일</Filter>
    </ClInclude>
    <ClInclude Include="3rdParty\SDL\include\SDL2\SDL_config_android.h">
      <Filter>헤더 파일</Filter>
    </ClInclude>
    <ClInclude Include="3rdParty\SDL\include\SDL2\SDL_config_iphoneos.h">
      <Filter>헤더 파일</Filter>
    </ClInclude>
    <ClInclude Include="3rdParty\SDL\include\SDL2\SDL_config_macosx.h">
      <Filter>헤더 파일</Filter>
    </ClInclude>
    <ClInclude Include="3rdParty\SDL\include\SDL2\SDL_config_minimal.h">
      <Filter>헤더 파일</Filter>
    </ClInclude>
    <ClInclude Include="3rdParty\SDL\include\SDL2\SDL_config_pandora.h">
      <Filter>헤더 파일</Filter>
    </ClInclude>
    <ClInclude Include="3rdParty\SDL\include\SDL2\SDL_config_psp.h">
      <Filter>헤더 파일</Filter>
    </ClInclude>
    <ClInclude Include="3rdParty\SDL\include\SDL2\SDL_config_windows.h">
      <Filter>헤더 파일</Filter>
    </ClInclude>
    <ClInclude Include="3rdParty\SDL\include\SDL2\SDL_config_winrt.h">
      <Filter>헤더 파일</Filter>
    </ClInclude>
    <ClInclude Include="3rdParty\SDL\include\SDL2\SDL_config_wiz.h">
      <Filter>헤더 파일</Filter>
    </ClInclude>
    <ClInclude Include="3rdParty\SDL\include\SDL2\SDL_copying.h">
      <Filter>헤더 파일</Filter>
    </ClInclude>
    <ClInclude Include="3rdParty\SDL\include\SDL2\SDL_cpuinfo.h">
      <Filter>헤더 파일</Filter>
    </ClInclude>
    <ClInclude Include="3rdParty\SDL\include\SDL2\SDL_egl.h">
      <Filter>헤더 파일</Filter>
    </ClInclude>
    <ClInclude Include="3rdParty\SDL\include\SDL2\SDL_endian.h">
      <Filter>헤더 파일</Filter>
    </ClInclude>
    <ClInclude Include="3rdParty\SDL\include\SDL2\SDL_error.h">
      <Filter>헤더 파일</Filter>
    </ClInclude>
    <ClInclude Include="3rdParty\SDL\include\SDL2\SDL_events.h">
      <Filter>헤더 파일</Filter>
    </ClInclude>
    <ClInclude Include="3rdParty\SDL\include\SDL2\SDL_filesystem.h">
      <Filter>헤더 파일</Filter>
    </ClInclude>
    <ClInclude Include="3rdParty\SDL\include\SDL2\SDL_gamecontroller.h">
      <Filter>헤더 파일</Filter>
    </ClInclude>
    <ClInclude Include="3rdParty\SDL\include\SDL2\SDL_gesture.h">
      <Filter>헤더 파일</Filter>
    </ClInclude>
    <ClInclude Include="3rdParty\SDL\include\SDL2\SDL_haptic.h">
      <Filter>헤더 파일</Filter>
    </ClInclude>
    <ClInclude Include="3rdParty\SDL\include\SDL2\SDL_hints.h">
      <Filter>헤더 파일</Filter>
    </ClInclude>
    <ClInclude Include="3rdParty\SDL\include\SDL2\SDL_image.h">
      <Filter>헤더 파일</Filter>
    </ClInclude>
    <ClInclude Include="3rdParty\SDL\include\SDL2\SDL_joystick.h">
      <Filter>헤더 파일</Filter>
    </ClInclude>
    <ClInclude Include="3rdParty\SDL\include\SDL2\SDL_keyboard.h">
      <Filter>헤더 파일</Filter>
    </ClInclude>
    <ClInclude Include="3rdParty\SDL\include\SDL2\SDL_keycode.h">
      <Filter>헤더 파일</Filter>
    </ClInclude>
    <ClInclude Include="3rdParty\SDL\include\SDL2\SDL_loadso.h">
      <Filter>헤더 파일</Filter>
    </ClInclude>
    <ClInclude Include="3rdParty\SDL\include\SDL2\SDL_log.h">
      <Filter>헤더 파일</Filter>
    </ClInclude>
    <ClInclude Include="3rdParty\SDL\include\SDL2\SDL_main.h">
      <Filter>헤더 파일</Filter>
    </ClInclude>
    <ClInclude Include="3rdParty\SDL\include\SDL2\SDL_messagebox.h">
      <Filter>헤더 파일</Filter>
    </ClInclude>
    <ClInclude Include="3rdParty\SDL\include\SDL2\SDL_mixer.h">
      <Filter>헤더 파일</Filter>
    </ClInclude>
    <ClInclude Include="3rdParty\SDL\include\SDL2\SDL_mouse.h">
      <Filter>헤더 파일</Filter>
    </ClInclude>
    <ClInclude Include="3rdParty\SDL\include\SDL2\SDL_mutex.h">
      <Filter>헤더 파일</Filter>
    </ClInclude>
    <ClInclude Include="3rdParty\SDL\include\SDL2\SDL_name.h">
      <Filter>헤더 파일</Filter>
    </ClInclude>
    <ClInclude Include="3rdParty\SDL\include\SDL2\SDL_opengl.h">
      <Filter>헤더 파일</Filter>
    </ClInclude>
    <ClInclude Include="3rdParty\SDL\include\SDL2\SDL_opengl_glext.h">
      <Filter>헤더 파일</Filter>
    </ClInclude>
    <ClInclude Include="3rdParty\SDL\include\SDL2\SDL_opengles.h">
      <Filter>헤더 파일</Filter>
    </ClInclude>
    <ClInclude Include="3rdParty\SDL\include\SDL2\SDL_opengles2.h">
      <Filter>헤더 파일</Filter>
    </ClInclude>
    <ClInclude Include="3rdParty\SDL\include\SDL2\SDL_opengles2_gl2.h">
      <Filter>헤더 파일</Filter>
    </ClInclude>
    <ClInclude Include="3rdParty\SDL\include\SDL2\SDL_opengles2_gl2ext.h">
      <Filter>헤더 파일</Filter>
    </ClInclude>
    <ClInclude Include="3rdParty\SDL\include\SDL2\SDL_opengles2_gl2platform.h">
      <Filter>헤더 파일</Filter>
    </ClInclude>
    <ClInclude Include="3rdParty\SDL\include\SDL2\SDL_opengles2_khrplatform.h">
      <Filter>헤더 파일</Filter>
    </ClInclude>
    <ClInclude Include="3rdParty\SDL\include\SDL2\SDL_pixels.h">
      <Filter>헤더 파일</Filter>
    </ClInclude>
    <ClInclude Include="3rdParty\SDL\include\SDL2\SDL_platform.h">
      <Filter>헤더 파일</Filter>
    </ClInclude>
    <ClInclude Include="3rdParty\SDL\include\SDL2\SDL_power.h">
      <Filter>헤더 파일</Filter>
    </ClInclude>
    <ClInclude Include="3rdParty\SDL\include\SDL2\SDL_quit.h">
      <Filter>헤더 파일</Filter>
    </ClInclude>
    <ClInclude Include="3rdParty\SDL\include\SDL2\SDL_rect.h">
      <Filter>헤더 파일</Filter>
    </ClInclude>
    <ClInclude Include="3rdParty\SDL\include\SDL2\SDL_render.h">
      <Filter>헤더 파일</Filter>
    </ClInclude>
    <ClInclude Include="3rdParty\SDL\include\SDL2\SDL_revision.h">
      <Filter>헤더 파일</Filter>
    </ClInclude>
    <ClInclude Include="3rdParty\SDL\include\SDL2\SDL_rwops.h">
      <Filter>헤더 파일</Filter>
    </ClInclude>
    <ClInclude Include="3rdParty\SDL\include\SDL2\SDL_scancode.h">
      <Filter>헤더 파일</Filter>
    </ClInclude>
    <ClInclude Include="3rdParty\SDL\include\SDL2\SDL_shape.h">
      <Filter>헤더 파일</Filter>
    </ClInclude>
    <ClInclude Include="3rdParty\SDL\include\SDL2\SDL_stdinc.h">
      <Filter>헤더 파일</Filter>
    </ClInclude>
    <ClInclude Include="3rdParty\SDL\include\SDL2\SDL_surface.h">
      <Filter>헤더 파일</Filter>
    </ClInclude>
    <ClInclude Include="3rdParty\SDL\include\SDL2\SDL_system.h">
      <Filter>헤더 파일</Filter>
    </ClInclude>
    <ClInclude Include="3rdParty\SDL\include\SDL2\SDL_syswm.h">
      <Filter>헤더 파일</Filter>
    </ClInclude>
    <ClInclude Include="3rdParty\SDL\include\SDL2\SDL_test.h">
      <Filter>헤더 파일</Filter>
    </ClInclude>
    <ClInclude Include="3rdParty\SDL\include\SDL2\SDL_test_assert.h">
      <Filter>헤더 파일</Filter>
    </ClInclude>
    <ClInclude Include="3rdParty\SDL\include\SDL2\SDL_test_common.h">
      <Filter>헤더 파일</Filter>
    </ClInclude>
    <ClInclude Include="3rdParty\SDL\include\SDL2\SDL_test_compare.h">
      <Filter>헤더 파일</Filter>
    </ClInclude>
    <ClInclude Include="3rdParty\SDL\include\SDL2\SDL_test_crc32.h">
      <Filter>헤더 파일</Filter>
    </ClInclude>
    <ClInclude Include="3rdParty\SDL\include\SDL2\SDL_test_font.h">
      <Filter>헤더 파일</Filter>
    </ClInclude>
    <ClInclude Include="3rdParty\SDL\include\SDL2\SDL_test_fuzzer.h">
      <Filter>헤더 파일</Filter>
    </ClInclude>
    <ClInclude Include="3rdParty\SDL\include\SDL2\SDL_test_harness.h">
      <Filter>헤더 파일</Filter>
    </ClInclude>
    <ClInclude Include="3rdParty\SDL\include\SDL2\SDL_test_images.h">
      <Filter>헤더 파일</Filter>
    </ClInclude>
    <ClInclude Include="3rdParty\SDL\include\SDL2\SDL_test_log.h">
      <Filter>헤더 파일</Filter>
    </ClInclude>
    <ClInclude Include="3rdParty\SDL\include\SDL2\SDL_test_md5.h">
      <Filter>헤더 파일</Filter>
    </ClInclude>
    <ClInclude Include="3rdParty\SDL\include\SDL2\SDL_test_memory.h">
      <Filter>헤더 파일</Filter>
    </ClInclude>
    <ClInclude Include="3rdParty\SDL\include\SDL2\SDL_test_random.h">
      <Filter>헤더 파일</Filter>
    </ClInclude>
    <ClInclude Include="3rdParty\SDL\include\SDL2\SDL_thread.h">
      <Filter>헤더 파일</Filter>
    </ClInclude>
    <ClInclude Include="3rdParty\SDL\include\SDL2\SDL_timer.h">
      <Filter>헤더 파일</Filter>
    </ClInclude>
    <ClInclude Include="3rdParty\SDL\include\SDL2\SDL_touch.h">
      <Filter>헤더 파일</Filter>
    </ClInclude>
    <ClInclude Include="3rdParty\SDL\include\SDL2\SDL_ttf.h">
      <Filter>헤더 파일</Filter>
    </ClInclude>
    <ClInclude Include="3rdParty\SDL\include\SDL2\SDL_types.h">
      <Filter>헤더 파일</Filter>
    </ClInclude>
    <ClInclude Include="3rdParty\SDL\include\SDL2\SDL_version.h">
      <Filter>헤더 파일</Filter>
    </ClInclude>
    <ClInclude Include="3rdParty\SDL\include\SDL2\SDL_video.h">
      <Filter>헤더 파일</Filter>
    </ClInclude>
    <ClInclude Include="3rdParty\SDL\include\SDL2\SDL_vulkan.h">
      <Filter>헤더 파일</Filter>
    </ClInclude>
    <ClInclude Include="3rdParty\SDL\include\SDL2\SDL2_framerate.h">
      <Filter>헤더 파일</Filter>
    </ClInclude>
    <ClInclude Include="3rdParty\SDL\include\SDL2\SDL2_gfxPrimitives.h">
      <Filter>헤더 파일</Filter>
    </ClInclude>
    <ClInclude Include="3rdParty\SDL\include\SDL2\SDL2_gfxPrimitives_font.h">
      <Filter>헤더 파일</Filter>
    </ClInclude>
    <ClInclude Include="3rdParty\SDL\include\SDL2\SDL2_imageFilter.h">
      <Filter>헤더 파일</Filter>
    </ClInclude>
    <ClInclude Include="3rdParty\SDL\include\SDL2\SDL2_rotozoom.h">
      <Filter>헤더 파일</Filter>
    </ClInclude>
    <ClInclude Include="include\TextureManager.h">
      <Filter>헤더 파일</Filter>
    </ClInclude>
    <ClInclude Include="include\GameObject.h">
      <Filter>헤더 파일</Filter>
    </ClInclude>
    <ClInclude Include="include\Player.h">
      <Filter>헤더 파일</Filter>
    </ClInclude>
    <ClInclude Include="include\LoaderParams.h">
      <Filter>헤더 파일</Filter>
    </ClInclude>
    <ClInclude Include="include\SDLGameObject.h">
      <Filter>헤더 파일</Filter>
    </ClInclude>
    <ClInclude Include="include\Enemy.h">
      <Filter>헤더 파일</Filter>
    </ClInclude>
    <ClInclude Include="include\Vector2D.h">
      <Filter>헤더 파일</Filter>
    </ClInclude>
    <ClInclude Include="include\InputHandler.h">
      <Filter>헤더 파일</Filter>
    </ClInclude>
  </ItemGroup>
  <ItemGroup>
    <None Include="3rdParty\SDL\lib\.DS_Store" />
    <None Include="3rdParty\SDL\lib\Icon" />
    <None Include="3rdParty\SDL\lib\x64\SDL2.dll" />
    <None Include="3rdParty\SDL\lib\x64\SDL2_gfx.dll" />
    <None Include="3rdParty\SDL\lib\x64\SDL2_image.dll" />
    <None Include="3rdParty\SDL\lib\x64\SDL2_mixer.dll" />
    <None Include="3rdParty\SDL\lib\x64\SDL2_ttf.dll" />
  </ItemGroup>
  <ItemGroup>
    <Library Include="3rdParty\SDL\lib\x64\SDL2_image.lib" />
    <Library Include="3rdParty\SDL\lib\x64\SDL2_mixer.lib" />
    <Library Include="3rdParty\SDL\lib\x64\SDL2_ttf.lib" />
    <Library Include="3rdParty\SDL\lib\x64\SDL2main.lib" />
    <Library Include="3rdParty\SDL\lib\x64\SDL2.lib" />
    <Library Include="3rdParty\SDL\lib\x64\SDL2_gfx.lib" />
  </ItemGroup>
  <ItemGroup>
    <Image Include="assets\rider.bmp">
      <Filter>리소스 파일</Filter>
    </Image>
    <Image Include="assets\Assets\rider.bmp">
      <Filter>리소스 파일</Filter>
    </Image>
    <Image Include="assets\Assets\fishtitle.png">
      <Filter>리소스 파일</Filter>
    </Image>
    <Image Include="assets\Assets\animate.bmp">
      <Filter>리소스 파일</Filter>
    </Image>
    <Image Include="assets\animate.bmp">
      <Filter>리소스 파일</Filter>
    </Image>
    <Image Include="assets\Assets\animate.png">
      <Filter>리소스 파일</Filter>
    </Image>
    <Image Include="assets\Assets\animate-alpha.png">
      <Filter>리소스 파일</Filter>
    </Image>
    <Image Include="assets\player.png">
      <Filter>리소스 파일</Filter>
    </Image>
    <Image Include="assets\CuteDog.png">
      <Filter>리소스 파일</Filter>
    </Image>
    <Image Include="assets\hihit.png">
      <Filter>리소스 파일</Filter>
    </Image>
  </ItemGroup>
</Project>